
Microsoft Visual Studio Solution File, Format Version 12.00
# Visual Studio Version 17
VisualStudioVersion = 17.14.36414.22 d17.14
MinimumVisualStudioVersion = 10.0.40219.1
Project("{FAE04EC0-301F-11D3-BF4B-00C04F79EFBC}") = "Products", "Products.csproj", "{8853B4E3-7779-4312-AF8A-A2B443F05982}"
EndProject
Global
	GlobalSection(SolutionConfigurationPlatforms) = preSolution
		Debug|Any CPU = Debug|Any CPU
		Release|Any CPU = Release|Any CPU
	EndGlobalSection
	GlobalSection(ProjectConfigurationPlatforms) = postSolution
		{8853B4E3-7779-4312-AF8A-A2B443F05982}.Debug|Any CPU.ActiveCfg = Debug|Any CPU
		{8853B4E3-7779-4312-AF8A-A2B443F05982}.Debug|Any CPU.Build.0 = Debug|Any CPU
		{8853B4E3-7779-4312-AF8A-A2B443F05982}.Release|Any CPU.ActiveCfg = Release|Any CPU
		{8853B4E3-7779-4312-AF8A-A2B443F05982}.Release|Any CPU.Build.0 = Release|Any CPU
	EndGlobalSection
	GlobalSection(SolutionProperties) = preSolution
		HideSolutionNode = FALSE
	EndGlobalSection
	GlobalSection(ExtensibilityGlobals) = postSolution
		SolutionGuid = {AAF41853-6F5E-441B-8CBF-4B1F9C7683B0}
	EndGlobalSection
EndGlobal
